
Microsoft Visual Studio Solution File, Format Version 12.00
Project("{FAE04EC0-301F-11D3-BF4B-00C04F79EFBC}") = "BattleCity", "BattleCity\BattleCity.csproj", "{7FFCC495-99F7-464C-9239-FF618FD9B240}"
EndProject
Global
	GlobalSection(SolutionConfigurationPlatforms) = preSolution
		Debug|Any CPU = Debug|Any CPU
		Release|Any CPU = Release|Any CPU
	EndGlobalSection
	GlobalSection(ProjectConfigurationPlatforms) = postSolution
		{7FFCC495-99F7-464C-9239-FF618FD9B240}.Debug|Any CPU.ActiveCfg = Debug|Any CPU
		{7FFCC495-99F7-464C-9239-FF618FD9B240}.Debug|Any CPU.Build.0 = Debug|Any CPU
		{7FFCC495-99F7-464C-9239-FF618FD9B240}.Release|Any CPU.ActiveCfg = Release|Any CPU
		{7FFCC495-99F7-464C-9239-FF618FD9B240}.Release|Any CPU.Build.0 = Release|Any CPU
	EndGlobalSection
EndGlobal
